
Microsoft Visual Studio Solution File, Format Version 12.00
# Visual Studio Version 17
VisualStudioVersion = 17.0.32014.148
MinimumVisualStudioVersion = 10.0.40219.1
Project("{8BC9CEB8-8B4A-11D0-8D11-00A0C91BC942}") = "SportsAssociation", "SportsAssociation.vcxproj", "{A45D8E5C-B2D6-4BE0-8663-8DE8183ABF22}"
EndProject
Global
	GlobalSection(SolutionConfigurationPlatforms) = preSolution
		Debug|x64 = Debug|x64
		Debug|x86 = Debug|x86
		Release|x64 = Release|x64
		Release|x86 = Release|x86
	EndGlobalSection
	GlobalSection(ProjectConfigurationPlatforms) = postSolution
		{A45D8E5C-B2D6-4BE0-8663-8DE8183ABF22}.Debug|x64.ActiveCfg = Debug|x64
		{A45D8E5C-B2D6-4BE0-8663-8DE8183ABF22}.Debug|x64.Build.0 = Debug|x64
		{A45D8E5C-B2D6-4BE0-8663-8DE8183ABF22}.Debug|x86.ActiveCfg = Debug|Win32
		{A45D8E5C-B2D6-4BE0-8663-8DE8183ABF22}.Debug|x86.Build.0 = Debug|Win32
		{A45D8E5C-B2D6-4BE0-8663-8DE8183ABF22}.Release|x64.ActiveCfg = Release|x64
		{A45D8E5C-B2D6-4BE0-8663-8DE8183ABF22}.Release|x64.Build.0 = Release|x64
		{A45D8E5C-B2D6-4BE0-8663-8DE8183ABF22}.Release|x86.ActiveCfg = Release|Win32
		{A45D8E5C-B2D6-4BE0-8663-8DE8183ABF22}.Release|x86.Build.0 = Release|Win32
	EndGlobalSection
	GlobalSection(SolutionProperties) = preSolution
		HideSolutionNode = FALSE
	EndGlobalSection
	GlobalSection(ExtensibilityGlobals) = postSolution
		SolutionGuid = {FD19C81D-8CA2-4266-A1BE-6D18A24F0632}
	EndGlobalSection
EndGlobal
